// !$*UTF8*$!
{
	archiveVersion = 1;
	classes = {
	};
	objectVersion = 50;
	objects = {

/* Begin PBXBuildFile section */
		81EDC2932293BC3100873BC9 /* AppDelegate.swift in Sources */ = {isa = PBXBuildFile; fileRef = 81EDC2922293BC3100873BC9 /* AppDelegate.swift */; };
		81EDC2952293BC3100873BC9 /* ViewController.swift in Sources */ = {isa = PBXBuildFile; fileRef = 81EDC2942293BC3100873BC9 /* ViewController.swift */; };
		81EDC2982293BC3100873BC9 /* Main.storyboard in Resources */ = {isa = PBXBuildFile; fileRef = 81EDC2962293BC3100873BC9 /* Main.storyboard */; };
		81EDC29A2293BC3300873BC9 /* Assets.xcassets in Resources */ = {isa = PBXBuildFile; fileRef = 81EDC2992293BC3300873BC9 /* Assets.xcassets */; };
		81EDC29D2293BC3300873BC9 /* LaunchScreen.storyboard in Resources */ = {isa = PBXBuildFile; fileRef = 81EDC29B2293BC3300873BC9 /* LaunchScreen.storyboard */; };
		81EDC2A52293C31800873BC9 /* HomeViewController.swift in Sources */ = {isa = PBXBuildFile; fileRef = 81EDC2A42293C31800873BC9 /* HomeViewController.swift */; };
		81EDC2A72293FE3800873BC9 /* UserModel.swift in Sources */ = {isa = PBXBuildFile; fileRef = 81EDC2A62293FE3800873BC9 /* UserModel.swift */; };
		81EDC2A92294145C00873BC9 /* FacebookAPIManager.swift in Sources */ = {isa = PBXBuildFile; fileRef = 81EDC2A82294145C00873BC9 /* FacebookAPIManager.swift */; };
		81EDC2AB2294321D00873BC9 /* Extentions.swift in Sources */ = {isa = PBXBuildFile; fileRef = 81EDC2AA2294321D00873BC9 /* Extentions.swift */; };
		B8587A01D2106250FFBE610F /* Pods_IntSocialFLogin.framework in Frameworks */ = {isa = PBXBuildFile; fileRef = 91EB1ACCD86FFA7081A1D29F /* Pods_IntSocialFLogin.framework */; };
/* End PBXBuildFile section */

/* Begin PBXFileReference section */
		81EDC28F2293BC3100873BC9 /* IntSocialFLogin.app */ = {isa = PBXFileReference; explicitFileType = wrapper.application; includeInIndex = 0; path = IntSocialFLogin.app; sourceTree = BUILT_PRODUCTS_DIR; };
		81EDC2922293BC3100873BC9 /* AppDelegate.swift */ = {isa = PBXFileReference; lastKnownFileType = sourcecode.swift; path = AppDelegate.swift; sourceTree = "<group>"; };
		81EDC2942293BC3100873BC9 /* ViewController.swift */ = {isa = PBXFileReference; lastKnownFileType = sourcecode.swift; path = ViewController.swift; sourceTree = "<group>"; };
		81EDC2972293BC3100873BC9 /* Base */ = {isa = PBXFileReference; lastKnownFileType = file.storyboard; name = Base; path = Base.lproj/Main.storyboard; sourceTree = "<group>"; };
		81EDC2992293BC3300873BC9 /* Assets.xcassets */ = {isa = PBXFileReference; lastKnownFileType = folder.assetcatalog; path = Assets.xcassets; sourceTree = "<group>"; };
		81EDC29C2293BC3300873BC9 /* Base */ = {isa = PBXFileReference; lastKnownFileType = file.storyboard; name = Base; path = Base.lproj/LaunchScreen.storyboard; sourceTree = "<group>"; };
		81EDC29E2293BC3300873BC9 /* Info.plist */ = {isa = PBXFileReference; lastKnownFileType = text.plist.xml; path = Info.plist; sourceTree = "<group>"; };
		81EDC2A42293C31800873BC9 /* HomeViewController.swift */ = {isa = PBXFileReference; lastKnownFileType = sourcecode.swift; path = HomeViewController.swift; sourceTree = "<group>"; };
		81EDC2A62293FE3800873BC9 /* UserModel.swift */ = {isa = PBXFileReference; lastKnownFileType = sourcecode.swift; path = UserModel.swift; sourceTree = "<group>"; };
		81EDC2A82294145C00873BC9 /* FacebookAPIManager.swift */ = {isa = PBXFileReference; lastKnownFileType = sourcecode.swift; path = FacebookAPIManager.swift; sourceTree = "<group>"; };
		81EDC2AA2294321D00873BC9 /* Extentions.swift */ = {isa = PBXFileReference; lastKnownFileType = sourcecode.swift; path = Extentions.swift; sourceTree = "<group>"; };
		91EB1ACCD86FFA7081A1D29F /* Pods_IntSocialFLogin.framework */ = {isa = PBXFileReference; explicitFileType = wrapper.framework; includeInIndex = 0; path = Pods_IntSocialFLogin.framework; sourceTree = BUILT_PRODUCTS_DIR; };
		9F42E8A2F9B964E24901E241 /* Pods-IntSocialFLogin.debug.xcconfig */ = {isa = PBXFileReference; includeInIndex = 1; lastKnownFileType = text.xcconfig; name = "Pods-IntSocialFLogin.debug.xcconfig"; path = "Target Support Files/Pods-IntSocialFLogin/Pods-IntSocialFLogin.debug.xcconfig"; sourceTree = "<group>"; };
		FAB4936BE874EAC6FBE13C70 /* Pods-IntSocialFLogin.release.xcconfig */ = {isa = PBXFileReference; includeInIndex = 1; lastKnownFileType = text.xcconfig; name = "Pods-IntSocialFLogin.release.xcconfig"; path = "Target Support Files/Pods-IntSocialFLogin/Pods-IntSocialFLogin.release.xcconfig"; sourceTree = "<group>"; };
/* End PBXFileReference section */

/* Begin PBXFrameworksBuildPhase section */
		81EDC28C2293BC3100873BC9 /* Frameworks */ = {
			isa = PBXFrameworksBuildPhase;
			buildActionMask = 2147483647;
			files = (
				B8587A01D2106250FFBE610F /* Pods_IntSocialFLogin.framework in Frameworks */,
			);
			runOnlyForDeploymentPostprocessing = 0;
		};
/* End PBXFrameworksBuildPhase section */

/* Begin PBXGroup section */
		81EDC2862293BC3100873BC9 = {
			isa = PBXGroup;
			children = (
				81EDC2912293BC3100873BC9 /* IntSocialFLogin */,
				81EDC2902293BC3100873BC9 /* Products */,
				B03C08553972E7A861F76739 /* Pods */,
				ACEDB7FE40A4838181364A37 /* Frameworks */,
			);
			sourceTree = "<group>";
		};
		81EDC2902293BC3100873BC9 /* Products */ = {
			isa = PBXGroup;
			children = (
				81EDC28F2293BC3100873BC9 /* IntSocialFLogin.app */,
			);
			name = Products;
			sourceTree = "<group>";
		};
		81EDC2912293BC3100873BC9 /* IntSocialFLogin */ = {
			isa = PBXGroup;
			children = (
				81EDC2922293BC3100873BC9 /* AppDelegate.swift */,
				81EDC2A82294145C00873BC9 /* FacebookAPIManager.swift */,
				81EDC2942293BC3100873BC9 /* ViewController.swift */,
				81EDC2AA2294321D00873BC9 /* Extentions.swift */,
				81EDC2A42293C31800873BC9 /* HomeViewController.swift */,
				81EDC2A62293FE3800873BC9 /* UserModel.swift */,
				81EDC2962293BC3100873BC9 /* Main.storyboard */,
				81EDC2992293BC3300873BC9 /* Assets.xcassets */,
				81EDC29B2293BC3300873BC9 /* LaunchScreen.storyboard */,
				81EDC29E2293BC3300873BC9 /* Info.plist */,
			);
			path = IntSocialFLogin;
			sourceTree = "<group>";
		};
		ACEDB7FE40A4838181364A37 /* Frameworks */ = {
			isa = PBXGroup;
			children = (
				91EB1ACCD86FFA7081A1D29F /* Pods_IntSocialFLogin.framework */,
			);
			name = Frameworks;
			sourceTree = "<group>";
		};
		B03C08553972E7A861F76739 /* Pods */ = {
			isa = PBXGroup;
			children = (
				9F42E8A2F9B964E24901E241 /* Pods-IntSocialFLogin.debug.xcconfig */,
				FAB4936BE874EAC6FBE13C70 /* Pods-IntSocialFLogin.release.xcconfig */,
			);
			path = Pods;
			sourceTree = "<group>";
		};
/* End PBXGroup section */

/* Begin PBXNativeTarget section */
		81EDC28E2293BC3100873BC9 /* IntSocialFLogin */ = {
			isa = PBXNativeTarget;
			buildConfigurationList = 81EDC2A12293BC3300873BC9 /* Build configuration list for PBXNativeTarget "IntSocialFLogin" */;
			buildPhases = (
				A4A7A90120E327B6CE35A121 /* [CP] Check Pods Manifest.lock */,
				81EDC28B2293BC3100873BC9 /* Sources */,
				81EDC28C2293BC3100873BC9 /* Frameworks */,
				81EDC28D2293BC3100873BC9 /* Resources */,
				71BA5626E6AAED2F6E92BCF5 /* [CP] Embed Pods Frameworks */,
			);
			buildRules = (
			);
			dependencies = (
			);
			name = IntSocialFLogin;
			productName = IntSocialFLogin;
			productReference = 81EDC28F2293BC3100873BC9 /* IntSocialFLogin.app */;
			productType = "com.apple.product-type.application";
		};
/* End PBXNativeTarget section */

/* Begin PBXProject section */
		81EDC2872293BC3100873BC9 /* Project object */ = {
			isa = PBXProject;
			attributes = {
				LastSwiftUpdateCheck = 1010;
				LastUpgradeCheck = 1010;
				ORGANIZATIONNAME = Intellarc;
				TargetAttributes = {
					81EDC28E2293BC3100873BC9 = {
						CreatedOnToolsVersion = 10.1;
					};
				};
			};
			buildConfigurationList = 81EDC28A2293BC3100873BC9 /* Build configuration list for PBXProject "IntSocialFLogin" */;
			compatibilityVersion = "Xcode 9.3";
			developmentRegion = en;
			hasScannedForEncodings = 0;
			knownRegions = (
				en,
				Base,
			);
			mainGroup = 81EDC2862293BC3100873BC9;
			productRefGroup = 81EDC2902293BC3100873BC9 /* Products */;
			projectDirPath = "";
			projectRoot = "";
			targets = (
				81EDC28E2293BC3100873BC9 /* IntSocialFLogin */,
			);
		};
/* End PBXProject section */

/* Begin PBXResourcesBuildPhase section */
		81EDC28D2293BC3100873BC9 /* Resources */ = {
			isa = PBXResourcesBuildPhase;
			buildActionMask = 2147483647;
			files = (
				81EDC29D2293BC3300873BC9 /* LaunchScreen.storyboard in Resources */,
				81EDC29A2293BC3300873BC9 /* Assets.xcassets in Resources */,
				81EDC2982293BC3100873BC9 /* Main.storyboard in Resources */,
			);
			runOnlyForDeploymentPostprocessing = 0;
		};
/* End PBXResourcesBuildPhase section */

/* Begin PBXShellScriptBuildPhase section */
		71BA5626E6AAED2F6E92BCF5 /* [CP] Embed Pods Frameworks */ = {
			isa = PBXShellScriptBuildPhase;
			buildActionMask = 2147483647;
			files = (
			);
			inputFileListPaths = (
			);
			inputPaths = (
				"${PODS_ROOT}/Target Support Files/Pods-IntSocialFLogin/Pods-IntSocialFLogin-frameworks.sh",
				"${BUILT_PRODUCTS_DIR}/FBSDKCoreKit/FBSDKCoreKit.framework",
				"${BUILT_PRODUCTS_DIR}/FBSDKLoginKit/FBSDKLoginKit.framework",
			);
			name = "[CP] Embed Pods Frameworks";
			outputFileListPaths = (
			);
			outputPaths = (
				"${TARGET_BUILD_DIR}/${FRAMEWORKS_FOLDER_PATH}/FBSDKCoreKit.framework",
				"${TARGET_BUILD_DIR}/${FRAMEWORKS_FOLDER_PATH}/FBSDKLoginKit.framework",
			);
			runOnlyForDeploymentPostprocessing = 0;
			shellPath = /bin/sh;
			shellScript = "\"${PODS_ROOT}/Target Support Files/Pods-IntSocialFLogin/Pods-IntSocialFLogin-frameworks.sh\"\n";
			showEnvVarsInLog = 0;
		};
		A4A7A90120E327B6CE35A121 /* [CP] Check Pods Manifest.lock */ = {
			isa = PBXShellScriptBuildPhase;
			buildActionMask = 2147483647;
			files = (
			);
			inputFileListPaths = (
			);
			inputPaths = (
				"${PODS_PODFILE_DIR_PATH}/Podfile.lock",
				"${PODS_ROOT}/Manifest.lock",
			);
			name = "[CP] Check Pods Manifest.lock";
			outputFileListPaths = (
			);
			outputPaths = (
				"$(DERIVED_FILE_DIR)/Pods-IntSocialFLogin-checkManifestLockResult.txt",
			);
			runOnlyForDeploymentPostprocessing = 0;
			shellPath = /bin/sh;
			shellScript = "diff \"${PODS_PODFILE_DIR_PATH}/Podfile.lock\" \"${PODS_ROOT}/Manifest.lock\" > /dev/null\nif [ $? != 0 ] ; then\n    # print error to STDERR\n    echo \"error: The sandbox is not in sync with the Podfile.lock. Run 'pod install' or update your CocoaPods installation.\" >&2\n    exit 1\nfi\n# This output is used by Xcode 'outputs' to avoid re-running this script phase.\necho \"SUCCESS\" > \"${SCRIPT_OUTPUT_FILE_0}\"\n";
			showEnvVarsInLog = 0;
		};
/* End PBXShellScriptBuildPhase section */

/* Begin PBXSourcesBuildPhase section */
		81EDC28B2293BC3100873BC9 /* Sources */ = {
			isa = PBXSourcesBuildPhase;
			buildActionMask = 2147483647;
			files = (
				81EDC2A92294145C00873BC9 /* FacebookAPIManager.swift in Sources */,
				81EDC2952293BC3100873BC9 /* ViewController.swift in Sources */,
				81EDC2AB2294321D00873BC9 /* Extentions.swift in Sources */,
				81EDC2932293BC3100873BC9 /* AppDelegate.swift in Sources */,
				81EDC2A72293FE3800873BC9 /* UserModel.swift in Sources */,
				81EDC2A52293C31800873BC9 /* HomeViewController.swift in Sources */,
			);
			runOnlyForDeploymentPostprocessing = 0;
		};
/* End PBXSourcesBuildPhase section */

/* Begin PBXVariantGroup section */
		81EDC2962293BC3100873BC9 /* Main.storyboard */ = {
			isa = PBXVariantGroup;
			children = (
				81EDC2972293BC3100873BC9 /* Base */,
			);
			name = Main.storyboard;
			sourceTree = "<group>";
		};
		81EDC29B2293BC3300873BC9 /* LaunchScreen.storyboard */ = {
			isa = PBXVariantGroup;
			children = (
				81EDC29C2293BC3300873BC9 /* Base */,
			);
			name = LaunchScreen.storyboard;
			sourceTree = "<group>";
		};
/* End PBXVariantGroup section */

/* Begin XCBuildConfiguration section */
		81EDC29F2293BC3300873BC9 /* Debug */ = {
			isa = XCBuildConfiguration;
			buildSettings = {
				ALWAYS_SEARCH_USER_PATHS = NO;
				CLANG_ANALYZER_NONNULL = YES;
				CLANG_ANALYZER_NUMBER_OBJECT_CONVERSION = YES_AGGRESSIVE;
				CLANG_CXX_LANGUAGE_STANDARD = "gnu++14";
				CLANG_CXX_LIBRARY = "libc++";
				CLANG_ENABLE_MODULES = YES;
				CLANG_ENABLE_OBJC_ARC = YES;
				CLANG_ENABLE_OBJC_WEAK = YES;
				CLANG_WARN_BLOCK_CAPTURE_AUTORELEASING = YES;
				CLANG_WARN_BOOL_CONVERSION = YES;
				CLANG_WARN_COMMA = YES;
				CLANG_WARN_CONSTANT_CONVERSION = YES;
				CLANG_WARN_DEPRECATED_OBJC_IMPLEMENTATIONS = YES;
				CLANG_WARN_DIRECT_OBJC_ISA_USAGE = YES_ERROR;
				CLANG_WARN_DOCUMENTATION_COMMENTS = YES;
				CLANG_WARN_EMPTY_BODY = YES;
				CLANG_WARN_ENUM_CONVERSION = YES;
				CLANG_WARN_INFINITE_RECURSION = YES;
				CLANG_WARN_INT_CONVERSION = YES;
				CLANG_WARN_NON_LITERAL_NULL_CONVERSION = YES;
				CLANG_WARN_OBJC_IMPLICIT_RETAIN_SELF = YES;
				CLANG_WARN_OBJC_LITERAL_CONVERSION = YES;
				CLANG_WARN_OBJC_ROOT_CLASS = YES_ERROR;
				CLANG_WARN_RANGE_LOOP_ANALYSIS = YES;
				CLANG_WARN_STRICT_PROTOTYPES = YES;
				CLANG_WARN_SUSPICIOUS_MOVE = YES;
				CLANG_WARN_UNGUARDED_AVAILABILITY = YES_AGGRESSIVE;
				CLANG_WARN_UNREACHABLE_CODE = YES;
				CLANG_WARN__DUPLICATE_METHOD_MATCH = YES;
				CODE_SIGN_IDENTITY = "iPhone Developer";
				COPY_PHASE_STRIP = NO;
				DEBUG_INFORMATION_FORMAT = dwarf;
				ENABLE_STRICT_OBJC_MSGSEND = YES;
				ENABLE_TESTABILITY = YES;
				GCC_C_LANGUAGE_STANDARD = gnu11;
				GCC_DYNAMIC_NO_PIC = NO;
				GCC_NO_COMMON_BLOCKS = YES;
				GCC_OPTIMIZATION_LEVEL = 0;
				GCC_PREPROCESSOR_DEFINITIONS = (
					"DEBUG=1",
					"$(inherited)",
				);
				GCC_WARN_64_TO_32_BIT_CONVERSION = YES;
				GCC_WARN_ABOUT_RETURN_TYPE = YES_ERROR;
				GCC_WARN_UNDECLARED_SELECTOR = YES;
				GCC_WARN_UNINITIALIZED_AUTOS = YES_AGGRESSIVE;
				GCC_WARN_UNUSED_FUNCTION = YES;
				GCC_WARN_UNUSED_VARIABLE = YES;
				IPHONEOS_DEPLOYMENT_TARGET = 12.1;
				MTL_ENABLE_DEBUG_INFO = INCLUDE_SOURCE;
				MTL_FAST_MATH = YES;
				ONLY_ACTIVE_ARCH = YES;
				SDKROOT = iphoneos;
				SWIFT_ACTIVE_COMPILATION_CONDITIONS = DEBUG;
				SWIFT_OPTIMIZATION_LEVEL = "-Onone";
			};
			name = Debug;
		};
		81EDC2A02293BC3300873BC9 /* Release */ = {
			isa = XCBuildConfiguration;
			buildSettings = {
				ALWAYS_SEARCH_USER_PATHS = NO;
				CLANG_ANALYZER_NONNULL = YES;
				CLANG_ANALYZER_NUMBER_OBJECT_CONVERSION = YES_AGGRESSIVE;
				CLANG_CXX_LANGUAGE_STANDARD = "gnu++14";
				CLANG_CXX_LIBRARY = "libc++";
				CLANG_ENABLE_MODULES = YES;
				CLANG_ENABLE_OBJC_ARC = YES;
				CLANG_ENABLE_OBJC_WEAK = YES;
				CLANG_WARN_BLOCK_CAPTURE_AUTORELEASING = YES;
				CLANG_WARN_BOOL_CONVERSION = YES;
				CLANG_WARN_COMMA = YES;
				CLANG_WARN_CONSTANT_CONVERSION = YES;
				CLANG_WARN_DEPRECATED_OBJC_IMPLEMENTATIONS = YES;
				CLANG_WARN_DIRECT_OBJC_ISA_USAGE = YES_ERROR;
				CLANG_WARN_DOCUMENTATION_COMMENTS = YES;
				CLANG_WARN_EMPTY_BODY = YES;
				CLANG_WARN_ENUM_CONVERSION = YES;
				CLANG_WARN_INFINITE_RECURSION = YES;
				CLANG_WARN_INT_CONVERSION = YES;
				CLANG_WARN_NON_LITERAL_NULL_CONVERSION = YES;
				CLANG_WARN_OBJC_IMPLICIT_RETAIN_SELF = YES;
				CLANG_WARN_OBJC_LITERAL_CONVERSION = YES;
				CLANG_WARN_OBJC_ROOT_CLASS = YES_ERROR;
				CLANG_WARN_RANGE_LOOP_ANALYSIS = YES;
				CLANG_WARN_STRICT_PROTOTYPES = YES;
				CLANG_WARN_SUSPICIOUS_MOVE = YES;
				CLANG_WARN_UNGUARDED_AVAILABILITY = YES_AGGRESSIVE;
				CLANG_WARN_UNREACHABLE_CODE = YES;
				CLANG_WARN__DUPLICATE_METHOD_MATCH = YES;
				CODE_SIGN_IDENTITY = "iPhone Developer";
				COPY_PHASE_STRIP = NO;
				DEBUG_INFORMATION_FORMAT = "dwarf-with-dsym";
				ENABLE_NS_ASSERTIONS = NO;
				ENABLE_STRICT_OBJC_MSGSEND = YES;
				GCC_C_LANGUAGE_STANDARD = gnu11;
				GCC_NO_COMMON_BLOCKS = YES;
				GCC_WARN_64_TO_32_BIT_CONVERSION = YES;
				GCC_WARN_ABOUT_RETURN_TYPE = YES_ERROR;
				GCC_WARN_UNDECLARED_SELECTOR = YES;
				GCC_WARN_UNINITIALIZED_AUTOS = YES_AGGRESSIVE;
				GCC_WARN_UNUSED_FUNCTION = YES;
				GCC_WARN_UNUSED_VARIABLE = YES;
				IPHONEOS_DEPLOYMENT_TARGET = 12.1;
				MTL_ENABLE_DEBUG_INFO = NO;
				MTL_FAST_MATH = YES;
				SDKROOT = iphoneos;
				SWIFT_COMPILATION_MODE = wholemodule;
				SWIFT_OPTIMIZATION_LEVEL = "-O";
				VALIDATE_PRODUCT = YES;
			};
			name = Release;
		};
		81EDC2A22293BC3300873BC9 /* Debug */ = {
			isa = XCBuildConfiguration;
			baseConfigurationReference = 9F42E8A2F9B964E24901E241 /* Pods-IntSocialFLogin.debug.xcconfig */;
			buildSettings = {
				ASSETCATALOG_COMPILER_APPICON_NAME = AppIcon;
				CODE_SIGN_STYLE = Automatic;
				INFOPLIST_FILE = IntSocialFLogin/Info.plist;
				LD_RUNPATH_SEARCH_PATHS = (
					"$(inherited)",
					"@executable_path/Frameworks",
				);
				PRODUCT_BUNDLE_IDENTIFIER = Intellarc.IntSocialFLogin;
				PRODUCT_NAME = "$(TARGET_NAME)";
				SWIFT_VERSION = 4.2;
				TARGETED_DEVICE_FAMILY = "1,2";
			};
			name = Debug;
		};
		81EDC2A32293BC3300873BC9 /* Release */ = {
			isa = XCBuildConfiguration;
			baseConfigurationReference = FAB4936BE874EAC6FBE13C70 /* Pods-IntSocialFLogin.release.xcconfig */;
			buildSettings = {
				ASSETCATALOG_COMPILER_APPICON_NAME = AppIcon;
				CODE_SIGN_STYLE = Automatic;
				INFOPLIST_FILE = IntSocialFLogin/Info.plist;
				LD_RUNPATH_SEARCH_PATHS = (
					"$(inherited)",
					"@executable_path/Frameworks",
				);
				PRODUCT_BUNDLE_IDENTIFIER = Intellarc.IntSocialFLogin;
				PRODUCT_NAME = "$(TARGET_NAME)";
				SWIFT_VERSION = 4.2;
				TARGETED_DEVICE_FAMILY = "1,2";
			};
			name = Release;
		};
/* End XCBuildConfiguration section */

/* Begin XCConfigurationList section */
		81EDC28A2293BC3100873BC9 /* Build configuration list for PBXProject "IntSocialFLogin" */ = {
			isa = XCConfigurationList;
			buildConfigurations = (
				81EDC29F2293BC3300873BC9 /* Debug */,
				81EDC2A02293BC3300873BC9 /* Release */,
			);
			defaultConfigurationIsVisible = 0;
			defaultConfigurationName = Release;
		};
		81EDC2A12293BC3300873BC9 /* Build configuration list for PBXNativeTarget "IntSocialFLogin" */ = {
			isa = XCConfigurationList;
			buildConfigurations = (
				81EDC2A22293BC3300873BC9 /* Debug */,
				81EDC2A32293BC3300873BC9 /* Release */,
			);
			defaultConfigurationIsVisible = 0;
			defaultConfigurationName = Release;
		};
/* End XCConfigurationList section */
	};
	rootObject = 81EDC2872293BC3100873BC9 /* Project object */;
}
